
Microsoft Visual Studio Solution File, Format Version 12.00
# Visual Studio Version 16
VisualStudioVersion = 16.0.31321.278
MinimumVisualStudioVersion = 10.0.40219.1
Project("{FAE04EC0-301F-11D3-BF4B-00C04F79EFBC}") = "Datos", "Datos\Datos.csproj", "{87462132-4646-44E3-AF87-AC50F55AFDE2}"
EndProject
Project("{FAE04EC0-301F-11D3-BF4B-00C04F79EFBC}") = "WindowsPubs", "WindowsPubs\WindowsPubs.csproj", "{087FDF4D-17C9-4DD6-847A-CD5933A8D07D}"
EndProject
Global
	GlobalSection(SolutionConfigurationPlatforms) = preSolution
		Debug|Any CPU = Debug|Any CPU
		Release|Any CPU = Release|Any CPU
	EndGlobalSection
	GlobalSection(ProjectConfigurationPlatforms) = postSolution
		{87462132-4646-44E3-AF87-AC50F55AFDE2}.Debug|Any CPU.ActiveCfg = Debug|Any CPU
		{87462132-4646-44E3-AF87-AC50F55AFDE2}.Debug|Any CPU.Build.0 = Debug|Any CPU
		{87462132-4646-44E3-AF87-AC50F55AFDE2}.Release|Any CPU.ActiveCfg = Release|Any CPU
		{87462132-4646-44E3-AF87-AC50F55AFDE2}.Release|Any CPU.Build.0 = Release|Any CPU
		{087FDF4D-17C9-4DD6-847A-CD5933A8D07D}.Debug|Any CPU.ActiveCfg = Debug|Any CPU
		{087FDF4D-17C9-4DD6-847A-CD5933A8D07D}.Debug|Any CPU.Build.0 = Debug|Any CPU
		{087FDF4D-17C9-4DD6-847A-CD5933A8D07D}.Release|Any CPU.ActiveCfg = Release|Any CPU
		{087FDF4D-17C9-4DD6-847A-CD5933A8D07D}.Release|Any CPU.Build.0 = Release|Any CPU
	EndGlobalSection
	GlobalSection(SolutionProperties) = preSolution
		HideSolutionNode = FALSE
	EndGlobalSection
	GlobalSection(ExtensibilityGlobals) = postSolution
		SolutionGuid = {0FB9BA6D-51A2-4F81-9B87-00BE4F4B0130}
	EndGlobalSection
EndGlobal
